
Microsoft Visual Studio Solution File, Format Version 12.00
# Visual Studio Version 17
VisualStudioVersion = 17.4.33103.184
MinimumVisualStudioVersion = 10.0.40219.1
Project("{9A19103F-16F7-4668-BE54-9A1E7A4F7556}") = "StudentAndEmployeeAppsMVC", "StudentAndEmployeeAppsMVC.csproj", "{13DD59B4-41F6-492F-A002-FA38D4806B12}"
EndProject
Global
	GlobalSection(SolutionConfigurationPlatforms) = preSolution
		Debug|Any CPU = Debug|Any CPU
		Release|Any CPU = Release|Any CPU
	EndGlobalSection
	GlobalSection(ProjectConfigurationPlatforms) = postSolution
		{13DD59B4-41F6-492F-A002-FA38D4806B12}.Debug|Any CPU.ActiveCfg = Debug|Any CPU
		{13DD59B4-41F6-492F-A002-FA38D4806B12}.Debug|Any CPU.Build.0 = Debug|Any CPU
		{13DD59B4-41F6-492F-A002-FA38D4806B12}.Release|Any CPU.ActiveCfg = Release|Any CPU
		{13DD59B4-41F6-492F-A002-FA38D4806B12}.Release|Any CPU.Build.0 = Release|Any CPU
	EndGlobalSection
	GlobalSection(SolutionProperties) = preSolution
		HideSolutionNode = FALSE
	EndGlobalSection
	GlobalSection(ExtensibilityGlobals) = postSolution
		SolutionGuid = {5A1EF4F5-2EF4-4CAB-B31A-50196C635286}
	EndGlobalSection
EndGlobal
